
Microsoft Visual Studio Solution File, Format Version 12.00
# Visual Studio Version 17
VisualStudioVersion = 17.0.31903.59
MinimumVisualStudioVersion = 10.0.40219.1
Project("{2150E333-8FDC-42A3-9474-1A3956D46DE8}") = "items", "items", "{81A5F84B-8099-455D-97F4-9D7FFD5C81F0}"
	ProjectSection(SolutionItems) = preProject
		README.md = README.md
		.gitignore = .gitignore
	EndProjectSection
EndProject
Project("{FAE04EC0-301F-11D3-BF4B-00C04F79EFBC}") = "Norimsoft.JsonRpc", "Norimsoft.JsonRpc\Norimsoft.JsonRpc.csproj", "{1FA14FB7-ED48-4850-99CA-D334F8620CAB}"
EndProject
Project("{FAE04EC0-301F-11D3-BF4B-00C04F79EFBC}") = "SampleWebApp", "SampleWebApp\SampleWebApp.csproj", "{07342F7D-E550-4266-86AE-1FF481ABF946}"
EndProject
Global
	GlobalSection(SolutionConfigurationPlatforms) = preSolution
		Debug|Any CPU = Debug|Any CPU
		Release|Any CPU = Release|Any CPU
	EndGlobalSection
	GlobalSection(SolutionProperties) = preSolution
		HideSolutionNode = FALSE
	EndGlobalSection
	GlobalSection(NestedProjects) = preSolution
	EndGlobalSection
	GlobalSection(ProjectConfigurationPlatforms) = postSolution
		{1FA14FB7-ED48-4850-99CA-D334F8620CAB}.Debug|Any CPU.ActiveCfg = Debug|Any CPU
		{1FA14FB7-ED48-4850-99CA-D334F8620CAB}.Debug|Any CPU.Build.0 = Debug|Any CPU
		{1FA14FB7-ED48-4850-99CA-D334F8620CAB}.Release|Any CPU.ActiveCfg = Release|Any CPU
		{1FA14FB7-ED48-4850-99CA-D334F8620CAB}.Release|Any CPU.Build.0 = Release|Any CPU
		{07342F7D-E550-4266-86AE-1FF481ABF946}.Debug|Any CPU.ActiveCfg = Debug|Any CPU
		{07342F7D-E550-4266-86AE-1FF481ABF946}.Debug|Any CPU.Build.0 = Debug|Any CPU
		{07342F7D-E550-4266-86AE-1FF481ABF946}.Release|Any CPU.ActiveCfg = Release|Any CPU
		{07342F7D-E550-4266-86AE-1FF481ABF946}.Release|Any CPU.Build.0 = Release|Any CPU
	EndGlobalSection
EndGlobal
